{
  "version": 4,
  "terraform_version": "1.13.3",
  "serial": 10,
  "lineage": "192d4651-d2cb-8d40-c05c-4c2cb3037567",
  "outputs": {
    "resource_group_name": {
      "value": "Terraform_TechStore",
      "type": "string"
    },
    "vm_name": {
      "value": "vm-techstore",
      "type": "string"
    }
  },
  "resources": [
    {
      "mode": "data",
      "type": "azurerm_resource_group",
      "name": "rg",
      "provider": "provider[\"registry.terraform.io/hashicorp/azurerm\"]",
      "instances": [
        {
          "schema_version": 0,
          "attributes": {
            "id": "/subscriptions/0c5d71d3-d7c4-4548-ac62-3999325b617b/resourceGroups/Terraform_TechStore",
            "location": "canadacentral",
            "managed_by": "",
            "name": "Terraform_TechStore",
            "tags": {},
            "timeouts": null
          },
          "sensitive_attributes": [],
          "identity_schema_version": 0
        }
      ]
    },
    {
      "mode": "managed",
      "type": "azurerm_network_security_group",
      "name": "vm_nsg",
      "provider": "provider[\"registry.terraform.io/hashicorp/azurerm\"]",
      "instances": [
        {
          "schema_version": 0,
          "attributes": {
            "id": "/subscriptions/0c5d71d3-d7c4-4548-ac62-3999325b617b/resourceGroups/Terraform_TechStore/providers/Microsoft.Network/networkSecurityGroups/vm-techstore-nsg",
            "location": "canadacentral",
            "name": "vm-techstore-nsg",
            "resource_group_name": "Terraform_TechStore",
            "security_rule": [
              {
                "access": "Allow",
                "description": "",
                "destination_address_prefix": "*",
                "destination_address_prefixes": [],
                "destination_application_security_group_ids": [],
                "destination_port_range": "22",
                "destination_port_ranges": [],
                "direction": "Inbound",
                "name": "Allow-SSH",
                "priority": 1001,
                "protocol": "Tcp",
                "source_address_prefix": "*",
                "source_address_prefixes": [],
                "source_application_security_group_ids": [],
                "source_port_range": "*",
                "source_port_ranges": []
              }
            ],
            "tags": null,
            "timeouts": null
          },
          "sensitive_attributes": [],
          "identity_schema_version": 0,
          "identity": {
            "name": "vm-techstore-nsg",
            "resource_group_name": "Terraform_TechStore",
            "subscription_id": "0c5d71d3-d7c4-4548-ac62-3999325b617b"
          },
          "private": "eyJlMmJmYjczMC1lY2FhLTExZTYtOGY4OC0zNDM2M2JjN2M0YzAiOnsiY3JlYXRlIjoxODAwMDAwMDAwMDAwLCJkZWxldGUiOjE4MDAwMDAwMDAwMDAsInJlYWQiOjMwMDAwMDAwMDAwMCwidXBkYXRlIjoxODAwMDAwMDAwMDAwfX0=",
          "dependencies": [
            "data.azurerm_resource_group.rg"
          ]
        }
      ]
    },
    {
      "mode": "managed",
      "type": "azurerm_subnet",
      "name": "subnet",
      "provider": "provider[\"registry.terraform.io/hashicorp/azurerm\"]",
      "instances": [
        {
          "schema_version": 0,
          "attributes": {
            "address_prefixes": [
              "10.0.1.0/24"
            ],
            "default_outbound_access_enabled": true,
            "delegation": [],
            "id": "/subscriptions/0c5d71d3-d7c4-4548-ac62-3999325b617b/resourceGroups/Terraform_TechStore/providers/Microsoft.Network/virtualNetworks/vnet-techstore/subnets/subnet-techstore",
            "ip_address_pool": [],
            "name": "subnet-techstore",
            "private_endpoint_network_policies": "Disabled",
            "private_link_service_network_policies_enabled": true,
            "resource_group_name": "Terraform_TechStore",
            "service_endpoint_policy_ids": null,
            "service_endpoints": null,
            "sharing_scope": "",
            "timeouts": null,
            "virtual_network_name": "vnet-techstore"
          },
          "sensitive_attributes": [],
          "identity_schema_version": 0,
          "identity": {
            "name": "subnet-techstore",
            "resource_group_name": "Terraform_TechStore",
            "subscription_id": "0c5d71d3-d7c4-4548-ac62-3999325b617b",
            "virtual_network_name": "vnet-techstore"
          },
          "private": "eyJlMmJmYjczMC1lY2FhLTExZTYtOGY4OC0zNDM2M2JjN2M0YzAiOnsiY3JlYXRlIjoxODAwMDAwMDAwMDAwLCJkZWxldGUiOjE4MDAwMDAwMDAwMDAsInJlYWQiOjMwMDAwMDAwMDAwMCwidXBkYXRlIjoxODAwMDAwMDAwMDAwfX0=",
          "dependencies": [
            "azurerm_virtual_network.vnet",
            "data.azurerm_resource_group.rg"
          ]
        }
      ]
    },
    {
      "mode": "managed",
      "type": "azurerm_virtual_network",
      "name": "vnet",
      "provider": "provider[\"registry.terraform.io/hashicorp/azurerm\"]",
      "instances": [
        {
          "schema_version": 0,
          "attributes": {
            "address_space": [
              "10.0.0.0/16"
            ],
            "bgp_community": "",
            "ddos_protection_plan": [],
            "dns_servers": [],
            "edge_zone": "",
            "encryption": [],
            "flow_timeout_in_minutes": 0,
            "guid": "af9ed48a-d748-488d-b3d4-07a64cd3aa7e",
            "id": "/subscriptions/0c5d71d3-d7c4-4548-ac62-3999325b617b/resourceGroups/Terraform_TechStore/providers/Microsoft.Network/virtualNetworks/vnet-techstore",
            "ip_address_pool": [],
            "location": "canadacentral",
            "name": "vnet-techstore",
            "private_endpoint_vnet_policies": "Disabled",
            "resource_group_name": "Terraform_TechStore",
            "subnet": [],
            "tags": null,
            "timeouts": null
          },
          "sensitive_attributes": [],
          "identity_schema_version": 0,
          "identity": {
            "name": "vnet-techstore",
            "resource_group_name": "Terraform_TechStore",
            "subscription_id": "0c5d71d3-d7c4-4548-ac62-3999325b617b"
          },
          "private": "eyJlMmJmYjczMC1lY2FhLTExZTYtOGY4OC0zNDM2M2JjN2M0YzAiOnsiY3JlYXRlIjoxODAwMDAwMDAwMDAwLCJkZWxldGUiOjE4MDAwMDAwMDAwMDAsInJlYWQiOjMwMDAwMDAwMDAwMCwidXBkYXRlIjoxODAwMDAwMDAwMDAwfX0=",
          "dependencies": [
            "data.azurerm_resource_group.rg"
          ]
        }
      ]
    }
  ],
  "check_results": null
}
