{
  "version": 4,
  "terraform_version": "1.13.3",
  "serial": 15,
  "lineage": "192d4651-d2cb-8d40-c05c-4c2cb3037567",
  "outputs": {
    "resource_group_name": {
      "value": "Terraform_TechStore",
      "type": "string"
    },
    "vm_name": {
      "value": "vm-techstore",
      "type": "string"
    },
    "vm_public_ip": {
      "value": "4.205.206.229",
      "type": "string"
    }
  },
  "resources": [
    {
      "mode": "data",
      "type": "azurerm_resource_group",
      "name": "rg",
      "provider": "provider[\"registry.terraform.io/hashicorp/azurerm\"]",
      "instances": [
        {
          "schema_version": 0,
          "attributes": {
            "id": "/subscriptions/0c5d71d3-d7c4-4548-ac62-3999325b617b/resourceGroups/Terraform_TechStore",
            "location": "canadacentral",
            "managed_by": "",
            "name": "Terraform_TechStore",
            "tags": {},
            "timeouts": null
          },
          "sensitive_attributes": [],
          "identity_schema_version": 0
        }
      ]
    },
    {
      "mode": "managed",
      "type": "azurerm_linux_virtual_machine",
      "name": "vm",
      "provider": "provider[\"registry.terraform.io/hashicorp/azurerm\"]",
      "instances": [
        {
          "schema_version": 0,
          "attributes": {
            "additional_capabilities": [],
            "admin_password": null,
            "admin_ssh_key": [
              {
                "public_key": "ssh-ed25519 AAAAC3NzaC1lZDI1NTE5AAAAIDZtrwnfA6sxC8yMlvOc8rvUSfjO1cgDG2QIaPN177GG santi@LAPTOP_DARKITAS\r\n",
                "username": "azureuser"
              }
            ],
            "admin_username": "azureuser",
            "allow_extension_operations": true,
            "availability_set_id": "",
            "boot_diagnostics": [],
            "bypass_platform_safety_checks_on_user_schedule_enabled": false,
            "capacity_reservation_group_id": "",
            "computer_name": "techstorevm",
            "custom_data": null,
            "dedicated_host_group_id": "",
            "dedicated_host_id": "",
            "disable_password_authentication": true,
            "disk_controller_type": "",
            "edge_zone": "",
            "encryption_at_host_enabled": false,
            "eviction_policy": "",
            "extensions_time_budget": "PT1H30M",
            "gallery_application": [],
            "id": "/subscriptions/0c5d71d3-d7c4-4548-ac62-3999325b617b/resourceGroups/Terraform_TechStore/providers/Microsoft.Compute/virtualMachines/vm-techstore",
            "identity": [],
            "license_type": "",
            "location": "canadacentral",
            "max_bid_price": -1,
            "name": "vm-techstore",
            "network_interface_ids": [
              "/subscriptions/0c5d71d3-d7c4-4548-ac62-3999325b617b/resourceGroups/Terraform_TechStore/providers/Microsoft.Network/networkInterfaces/vm-techstore-nic"
            ],
            "os_disk": [
              {
                "caching": "ReadWrite",
                "diff_disk_settings": [],
                "disk_encryption_set_id": "",
                "disk_size_gb": 30,
                "id": "/subscriptions/0c5d71d3-d7c4-4548-ac62-3999325b617b/resourceGroups/Terraform_TechStore/providers/Microsoft.Compute/disks/vm-techstore_disk1_db932e2bdb5f4ab28d7694e67d8e7f83",
                "name": "vm-techstore_disk1_db932e2bdb5f4ab28d7694e67d8e7f83",
                "secure_vm_disk_encryption_set_id": "",
                "security_encryption_type": "",
                "storage_account_type": "Standard_LRS",
                "write_accelerator_enabled": false
              }
            ],
            "os_image_notification": [],
            "os_managed_disk_id": "/subscriptions/0c5d71d3-d7c4-4548-ac62-3999325b617b/resourceGroups/Terraform_TechStore/providers/Microsoft.Compute/disks/vm-techstore_disk1_db932e2bdb5f4ab28d7694e67d8e7f83",
            "patch_assessment_mode": "ImageDefault",
            "patch_mode": "ImageDefault",
            "plan": [],
            "platform_fault_domain": -1,
            "priority": "Regular",
            "private_ip_address": "10.0.1.4",
            "private_ip_addresses": [
              "10.0.1.4"
            ],
            "provision_vm_agent": true,
            "proximity_placement_group_id": "",
            "public_ip_address": "4.205.206.229",
            "public_ip_addresses": [
              "4.205.206.229"
            ],
            "reboot_setting": "",
            "resource_group_name": "Terraform_TechStore",
            "secret": [],
            "secure_boot_enabled": false,
            "size": "Standard_B1s",
            "source_image_id": "",
            "source_image_reference": [
              {
                "offer": "0001-com-ubuntu-server-jammy",
                "publisher": "Canonical",
                "sku": "22_04-lts",
                "version": "latest"
              }
            ],
            "tags": {
              "Environment": "TechStore"
            },
            "termination_notification": null,
            "timeouts": null,
            "user_data": "",
            "virtual_machine_id": "ff057ec6-c2af-4840-900a-dfec760eac35",
            "virtual_machine_scale_set_id": "",
            "vm_agent_platform_updates_enabled": false,
            "vtpm_enabled": false,
            "zone": ""
          },
          "sensitive_attributes": [
            [
              {
                "type": "get_attr",
                "value": "admin_password"
              }
            ],
            [
              {
                "type": "get_attr",
                "value": "custom_data"
              }
            ]
          ],
          "identity_schema_version": 0,
          "private": "eyJlMmJmYjczMC1lY2FhLTExZTYtOGY4OC0zNDM2M2JjN2M0YzAiOnsiY3JlYXRlIjoyNzAwMDAwMDAwMDAwLCJkZWxldGUiOjI3MDAwMDAwMDAwMDAsInJlYWQiOjMwMDAwMDAwMDAwMCwidXBkYXRlIjoyNzAwMDAwMDAwMDAwfX0=",
          "dependencies": [
            "azurerm_network_interface.vm_nic",
            "azurerm_public_ip.vm_ip",
            "azurerm_subnet.subnet",
            "azurerm_virtual_network.vnet",
            "data.azurerm_resource_group.rg"
          ]
        }
      ]
    },
    {
      "mode": "managed",
      "type": "azurerm_network_interface",
      "name": "vm_nic",
      "provider": "provider[\"registry.terraform.io/hashicorp/azurerm\"]",
      "instances": [
        {
          "schema_version": 0,
          "attributes": {
            "accelerated_networking_enabled": false,
            "applied_dns_servers": [],
            "auxiliary_mode": "",
            "auxiliary_sku": "",
            "dns_servers": null,
            "edge_zone": "",
            "id": "/subscriptions/0c5d71d3-d7c4-4548-ac62-3999325b617b/resourceGroups/Terraform_TechStore/providers/Microsoft.Network/networkInterfaces/vm-techstore-nic",
            "internal_dns_name_label": "",
            "internal_domain_name_suffix": "rlkj3l0i04gurm4ua4tezu3kpg.ux.internal.cloudapp.net",
            "ip_configuration": [
              {
                "gateway_load_balancer_frontend_ip_configuration_id": "",
                "name": "internal",
                "primary": true,
                "private_ip_address": "10.0.1.4",
                "private_ip_address_allocation": "Dynamic",
                "private_ip_address_version": "IPv4",
                "public_ip_address_id": "/subscriptions/0c5d71d3-d7c4-4548-ac62-3999325b617b/resourceGroups/Terraform_TechStore/providers/Microsoft.Network/publicIPAddresses/vm-techstore-ip",
                "subnet_id": "/subscriptions/0c5d71d3-d7c4-4548-ac62-3999325b617b/resourceGroups/Terraform_TechStore/providers/Microsoft.Network/virtualNetworks/vnet-techstore/subnets/subnet-techstore"
              }
            ],
            "ip_forwarding_enabled": false,
            "location": "canadacentral",
            "mac_address": "",
            "name": "vm-techstore-nic",
            "private_ip_address": "10.0.1.4",
            "private_ip_addresses": [
              "10.0.1.4"
            ],
            "resource_group_name": "Terraform_TechStore",
            "tags": null,
            "timeouts": null,
            "virtual_machine_id": ""
          },
          "sensitive_attributes": [],
          "identity_schema_version": 0,
          "identity": {
            "name": "vm-techstore-nic",
            "resource_group_name": "Terraform_TechStore",
            "subscription_id": "0c5d71d3-d7c4-4548-ac62-3999325b617b"
          },
          "private": "eyJlMmJmYjczMC1lY2FhLTExZTYtOGY4OC0zNDM2M2JjN2M0YzAiOnsiY3JlYXRlIjoxODAwMDAwMDAwMDAwLCJkZWxldGUiOjE4MDAwMDAwMDAwMDAsInJlYWQiOjMwMDAwMDAwMDAwMCwidXBkYXRlIjoxODAwMDAwMDAwMDAwfX0=",
          "dependencies": [
            "azurerm_public_ip.vm_ip",
            "azurerm_subnet.subnet",
            "azurerm_virtual_network.vnet",
            "data.azurerm_resource_group.rg"
          ]
        }
      ]
    },
    {
      "mode": "managed",
      "type": "azurerm_network_interface_security_group_association",
      "name": "nsg_assoc",
      "provider": "provider[\"registry.terraform.io/hashicorp/azurerm\"]",
      "instances": [
        {
          "schema_version": 0,
          "attributes": {
            "id": "/subscriptions/0c5d71d3-d7c4-4548-ac62-3999325b617b/resourceGroups/Terraform_TechStore/providers/Microsoft.Network/networkInterfaces/vm-techstore-nic|/subscriptions/0c5d71d3-d7c4-4548-ac62-3999325b617b/resourceGroups/Terraform_TechStore/providers/Microsoft.Network/networkSecurityGroups/vm-techstore-nsg",
            "network_interface_id": "/subscriptions/0c5d71d3-d7c4-4548-ac62-3999325b617b/resourceGroups/Terraform_TechStore/providers/Microsoft.Network/networkInterfaces/vm-techstore-nic",
            "network_security_group_id": "/subscriptions/0c5d71d3-d7c4-4548-ac62-3999325b617b/resourceGroups/Terraform_TechStore/providers/Microsoft.Network/networkSecurityGroups/vm-techstore-nsg",
            "timeouts": null
          },
          "sensitive_attributes": [],
          "identity_schema_version": 0,
          "private": "eyJlMmJmYjczMC1lY2FhLTExZTYtOGY4OC0zNDM2M2JjN2M0YzAiOnsiY3JlYXRlIjoxODAwMDAwMDAwMDAwLCJkZWxldGUiOjE4MDAwMDAwMDAwMDAsInJlYWQiOjMwMDAwMDAwMDAwMH19",
          "dependencies": [
            "azurerm_network_interface.vm_nic",
            "azurerm_network_security_group.vm_nsg",
            "azurerm_public_ip.vm_ip",
            "azurerm_subnet.subnet",
            "azurerm_virtual_network.vnet",
            "data.azurerm_resource_group.rg"
          ]
        }
      ]
    },
    {
      "mode": "managed",
      "type": "azurerm_network_security_group",
      "name": "vm_nsg",
      "provider": "provider[\"registry.terraform.io/hashicorp/azurerm\"]",
      "instances": [
        {
          "schema_version": 0,
          "attributes": {
            "id": "/subscriptions/0c5d71d3-d7c4-4548-ac62-3999325b617b/resourceGroups/Terraform_TechStore/providers/Microsoft.Network/networkSecurityGroups/vm-techstore-nsg",
            "location": "canadacentral",
            "name": "vm-techstore-nsg",
            "resource_group_name": "Terraform_TechStore",
            "security_rule": [
              {
                "access": "Allow",
                "description": "",
                "destination_address_prefix": "*",
                "destination_address_prefixes": [],
                "destination_application_security_group_ids": [],
                "destination_port_range": "22",
                "destination_port_ranges": [],
                "direction": "Inbound",
                "name": "Allow-SSH",
                "priority": 1001,
                "protocol": "Tcp",
                "source_address_prefix": "*",
                "source_address_prefixes": [],
                "source_application_security_group_ids": [],
                "source_port_range": "*",
                "source_port_ranges": []
              }
            ],
            "tags": {},
            "timeouts": null
          },
          "sensitive_attributes": [],
          "identity_schema_version": 0,
          "identity": {
            "name": "vm-techstore-nsg",
            "resource_group_name": "Terraform_TechStore",
            "subscription_id": "0c5d71d3-d7c4-4548-ac62-3999325b617b"
          },
          "private": "eyJlMmJmYjczMC1lY2FhLTExZTYtOGY4OC0zNDM2M2JjN2M0YzAiOnsiY3JlYXRlIjoxODAwMDAwMDAwMDAwLCJkZWxldGUiOjE4MDAwMDAwMDAwMDAsInJlYWQiOjMwMDAwMDAwMDAwMCwidXBkYXRlIjoxODAwMDAwMDAwMDAwfX0=",
          "dependencies": [
            "data.azurerm_resource_group.rg"
          ]
        }
      ]
    },
    {
      "mode": "managed",
      "type": "azurerm_public_ip",
      "name": "vm_ip",
      "provider": "provider[\"registry.terraform.io/hashicorp/azurerm\"]",
      "instances": [
        {
          "schema_version": 0,
          "attributes": {
            "allocation_method": "Static",
            "ddos_protection_mode": "VirtualNetworkInherited",
            "ddos_protection_plan_id": null,
            "domain_name_label": null,
            "domain_name_label_scope": null,
            "edge_zone": "",
            "fqdn": null,
            "id": "/subscriptions/0c5d71d3-d7c4-4548-ac62-3999325b617b/resourceGroups/Terraform_TechStore/providers/Microsoft.Network/publicIPAddresses/vm-techstore-ip",
            "idle_timeout_in_minutes": 4,
            "ip_address": "4.205.206.229",
            "ip_tags": null,
            "ip_version": "IPv4",
            "location": "canadacentral",
            "name": "vm-techstore-ip",
            "public_ip_prefix_id": null,
            "resource_group_name": "Terraform_TechStore",
            "reverse_fqdn": null,
            "sku": "Standard",
            "sku_tier": "Regional",
            "tags": null,
            "timeouts": null,
            "zones": null
          },
          "sensitive_attributes": [],
          "identity_schema_version": 0,
          "private": "eyJlMmJmYjczMC1lY2FhLTExZTYtOGY4OC0zNDM2M2JjN2M0YzAiOnsiY3JlYXRlIjoxODAwMDAwMDAwMDAwLCJkZWxldGUiOjE4MDAwMDAwMDAwMDAsInJlYWQiOjMwMDAwMDAwMDAwMCwidXBkYXRlIjoxODAwMDAwMDAwMDAwfX0=",
          "dependencies": [
            "data.azurerm_resource_group.rg"
          ]
        }
      ]
    },
    {
      "mode": "managed",
      "type": "azurerm_subnet",
      "name": "subnet",
      "provider": "provider[\"registry.terraform.io/hashicorp/azurerm\"]",
      "instances": [
        {
          "schema_version": 0,
          "attributes": {
            "address_prefixes": [
              "10.0.1.0/24"
            ],
            "default_outbound_access_enabled": true,
            "delegation": [],
            "id": "/subscriptions/0c5d71d3-d7c4-4548-ac62-3999325b617b/resourceGroups/Terraform_TechStore/providers/Microsoft.Network/virtualNetworks/vnet-techstore/subnets/subnet-techstore",
            "ip_address_pool": [],
            "name": "subnet-techstore",
            "private_endpoint_network_policies": "Disabled",
            "private_link_service_network_policies_enabled": true,
            "resource_group_name": "Terraform_TechStore",
            "service_endpoint_policy_ids": [],
            "service_endpoints": [],
            "sharing_scope": "",
            "timeouts": null,
            "virtual_network_name": "vnet-techstore"
          },
          "sensitive_attributes": [],
          "identity_schema_version": 0,
          "identity": {
            "name": "subnet-techstore",
            "resource_group_name": "Terraform_TechStore",
            "subscription_id": "0c5d71d3-d7c4-4548-ac62-3999325b617b",
            "virtual_network_name": "vnet-techstore"
          },
          "private": "eyJlMmJmYjczMC1lY2FhLTExZTYtOGY4OC0zNDM2M2JjN2M0YzAiOnsiY3JlYXRlIjoxODAwMDAwMDAwMDAwLCJkZWxldGUiOjE4MDAwMDAwMDAwMDAsInJlYWQiOjMwMDAwMDAwMDAwMCwidXBkYXRlIjoxODAwMDAwMDAwMDAwfX0=",
          "dependencies": [
            "azurerm_virtual_network.vnet",
            "data.azurerm_resource_group.rg"
          ]
        }
      ]
    },
    {
      "mode": "managed",
      "type": "azurerm_virtual_network",
      "name": "vnet",
      "provider": "provider[\"registry.terraform.io/hashicorp/azurerm\"]",
      "instances": [
        {
          "schema_version": 0,
          "attributes": {
            "address_space": [
              "10.0.0.0/16"
            ],
            "bgp_community": "",
            "ddos_protection_plan": [],
            "dns_servers": [],
            "edge_zone": "",
            "encryption": [],
            "flow_timeout_in_minutes": 0,
            "guid": "af9ed48a-d748-488d-b3d4-07a64cd3aa7e",
            "id": "/subscriptions/0c5d71d3-d7c4-4548-ac62-3999325b617b/resourceGroups/Terraform_TechStore/providers/Microsoft.Network/virtualNetworks/vnet-techstore",
            "ip_address_pool": [],
            "location": "canadacentral",
            "name": "vnet-techstore",
            "private_endpoint_vnet_policies": "Disabled",
            "resource_group_name": "Terraform_TechStore",
            "subnet": [
              {
                "address_prefixes": [
                  "10.0.1.0/24"
                ],
                "default_outbound_access_enabled": true,
                "delegation": [],
                "id": "/subscriptions/0c5d71d3-d7c4-4548-ac62-3999325b617b/resourceGroups/Terraform_TechStore/providers/Microsoft.Network/virtualNetworks/vnet-techstore/subnets/subnet-techstore",
                "name": "subnet-techstore",
                "private_endpoint_network_policies": "Disabled",
                "private_link_service_network_policies_enabled": true,
                "route_table_id": "",
                "security_group": "",
                "service_endpoint_policy_ids": [],
                "service_endpoints": []
              }
            ],
            "tags": {},
            "timeouts": null
          },
          "sensitive_attributes": [],
          "identity_schema_version": 0,
          "identity": {
            "name": "vnet-techstore",
            "resource_group_name": "Terraform_TechStore",
            "subscription_id": "0c5d71d3-d7c4-4548-ac62-3999325b617b"
          },
          "private": "eyJlMmJmYjczMC1lY2FhLTExZTYtOGY4OC0zNDM2M2JjN2M0YzAiOnsiY3JlYXRlIjoxODAwMDAwMDAwMDAwLCJkZWxldGUiOjE4MDAwMDAwMDAwMDAsInJlYWQiOjMwMDAwMDAwMDAwMCwidXBkYXRlIjoxODAwMDAwMDAwMDAwfX0=",
          "dependencies": [
            "data.azurerm_resource_group.rg"
          ]
        }
      ]
    }
  ],
  "check_results": null
}
